{
  "nodes": {
    "nixpkgs": {
      "locked": {
        "lastModified": 1788613976,
        "narHash": "sha256-spAJaheQnAK5PrupfqGkIg4mcyjI3rekrBa9KOmckJk=",
        "owner": "NixOS",
        "repo": "nixpkgs",
        "rev": "c3a6c1e7324decc33dee82703da248fd0f53596f",
        "type": "github"
      },
      "original": {
        "owner": "NixOS",
        "ref": "master",
        "repo": "nixpkgs",
        "type": "github"
      }
    },
    "nixpkgs-venus": {
      "locked": {
        "lastModified": 1783375776,
        "narHash": "sha256-pg6hLjDeAWaUOzh2JM2Cw0BwYpGtOyNr6A4FBwP9Ymo=",
        "owner": "NixOS",
        "repo": "nixpkgs",
        "rev": "cd648d6ea62bc0ffba91e61fcfe5e33c1e2004b1",
        "type": "github"
      },
      "original": {
        "owner": "NixOS",
        "repo": "nixpkgs",
        "rev": "cd648d6ea62bc0ffba91e61fcfe5e33c1e2004b1",
        "type": "github"
      }
    },
    "root": {
      "inputs": {
        "nixpkgs": "nixpkgs",
        "nixpkgs-venus": "nixpkgs-venus"
      }
    }
  },
  "root": "root",
  "version": 7
}
